
Microsoft Visual Studio Solution File, Format Version 12.00
# Visual Studio Version 17
VisualStudioVersion = 17.0.31903.59
MinimumVisualStudioVersion = 10.0.40219.1
Project("{2150E333-8FDC-42A3-9474-1A3956D46DE8}") = "src", "src", "{827E0CD3-B72D-47B6-A68D-7590B98EB39B}"
EndProject
Project("{FAE04EC0-301F-11D3-BF4B-00C04F79EFBC}") = "PixelGameStudio.Animation", "src\PixelGameStudio.Animation\PixelGameStudio.Animation.csproj", "{E49F2D05-E57A-4730-898C-E3361DE6852D}"
EndProject
Project("{FAE04EC0-301F-11D3-BF4B-00C04F79EFBC}") = "PixelGameStudio.App", "src\PixelGameStudio.App\PixelGameStudio.App.csproj", "{40ADABAF-090F-411C-803E-4DE2B5623F31}"
EndProject
Project("{FAE04EC0-301F-11D3-BF4B-00C04F79EFBC}") = "PixelGameStudio.Assets", "src\PixelGameStudio.Assets\PixelGameStudio.Assets.csproj", "{F8A39F52-52E2-4ABE-ADE3-4564FD84C679}"
EndProject
Project("{FAE04EC0-301F-11D3-BF4B-00C04F79EFBC}") = "PixelGameStudio.Behaviors", "src\PixelGameStudio.Behaviors\PixelGameStudio.Behaviors.csproj", "{DFDFF0E3-F151-4BA0-9CF6-38FDE76DCF59}"
EndProject
Project("{FAE04EC0-301F-11D3-BF4B-00C04F79EFBC}") = "PixelGameStudio.Core", "src\PixelGameStudio.Core\PixelGameStudio.Core.csproj", "{3A7BD3AA-BA30-4CAF-A4B7-3ADA0E869B98}"
EndProject
Project("{FAE04EC0-301F-11D3-BF4B-00C04F79EFBC}") = "PixelGameStudio.Domain", "src\PixelGameStudio.Domain\PixelGameStudio.Domain.csproj", "{8F8A245E-AB92-4CE9-9000-91B7CC3DF2A7}"
EndProject
Project("{FAE04EC0-301F-11D3-BF4B-00C04F79EFBC}") = "PixelGameStudio.Export", "src\PixelGameStudio.Export\PixelGameStudio.Export.csproj", "{8C65D3A9-2C9E-474C-98DC-3254E3A537C6}"
EndProject
Project("{FAE04EC0-301F-11D3-BF4B-00C04F79EFBC}") = "PixelGameStudio.Godot", "src\PixelGameStudio.Godot\PixelGameStudio.Godot.csproj", "{130DCC38-333C-45DB-9DDF-53D8090668FB}"
EndProject
Project("{FAE04EC0-301F-11D3-BF4B-00C04F79EFBC}") = "PixelGameStudio.Infrastructure", "src\PixelGameStudio.Infrastructure\PixelGameStudio.Infrastructure.csproj", "{64CD187C-CE90-4757-8401-6AE07EE10159}"
EndProject
Project("{FAE04EC0-301F-11D3-BF4B-00C04F79EFBC}") = "PixelGameStudio.ProjectSystem", "src\PixelGameStudio.ProjectSystem\PixelGameStudio.ProjectSystem.csproj", "{2F81A45C-AA9D-4833-8DA2-4D404B70281C}"
EndProject
Project("{FAE04EC0-301F-11D3-BF4B-00C04F79EFBC}") = "PixelGameStudio.Rendering", "src\PixelGameStudio.Rendering\PixelGameStudio.Rendering.csproj", "{146CCE79-37CF-4B13-B09A-3BCE09EEE931}"
EndProject
Project("{FAE04EC0-301F-11D3-BF4B-00C04F79EFBC}") = "PixelGameStudio.Validation", "src\PixelGameStudio.Validation\PixelGameStudio.Validation.csproj", "{461B3B5A-42AB-44DD-9F8F-D9AF9DBDEF15}"
EndProject
Project("{2150E333-8FDC-42A3-9474-1A3956D46DE8}") = "tests", "tests", "{0AB3BF05-4346-4AA6-1389-037BE0695223}"
EndProject
Project("{FAE04EC0-301F-11D3-BF4B-00C04F79EFBC}") = "PixelGameStudio.Domain.Tests", "tests\PixelGameStudio.Domain.Tests\PixelGameStudio.Domain.Tests.csproj", "{512ED914-D7A6-4897-8EE6-A602630781FE}"
EndProject
Project("{FAE04EC0-301F-11D3-BF4B-00C04F79EFBC}") = "PixelGameStudio.Export.Tests", "tests\PixelGameStudio.Export.Tests\PixelGameStudio.Export.Tests.csproj", "{8EB45DDC-9A0E-42B0-8A36-71FE7A8DB900}"
EndProject
Project("{FAE04EC0-301F-11D3-BF4B-00C04F79EFBC}") = "PixelGameStudio.ProjectSystem.Tests", "tests\PixelGameStudio.ProjectSystem.Tests\PixelGameStudio.ProjectSystem.Tests.csproj", "{1896B24D-ECFD-4DE3-8D0E-C9097AA5B993}"
EndProject
Project("{FAE04EC0-301F-11D3-BF4B-00C04F79EFBC}") = "PixelGameStudio.Rendering.Tests", "tests\PixelGameStudio.Rendering.Tests\PixelGameStudio.Rendering.Tests.csproj", "{0FB4F19E-1F18-4D8F-B4DF-5179627BA941}"
EndProject
Global
	GlobalSection(SolutionConfigurationPlatforms) = preSolution
		Debug|Any CPU = Debug|Any CPU
		Debug|x64 = Debug|x64
		Debug|x86 = Debug|x86
		Release|Any CPU = Release|Any CPU
		Release|x64 = Release|x64
		Release|x86 = Release|x86
	EndGlobalSection
	GlobalSection(ProjectConfigurationPlatforms) = postSolution
		{E49F2D05-E57A-4730-898C-E3361DE6852D}.Debug|Any CPU.ActiveCfg = Debug|Any CPU
		{E49F2D05-E57A-4730-898C-E3361DE6852D}.Debug|Any CPU.Build.0 = Debug|Any CPU
		{E49F2D05-E57A-4730-898C-E3361DE6852D}.Debug|x64.ActiveCfg = Debug|Any CPU
		{E49F2D05-E57A-4730-898C-E3361DE6852D}.Debug|x64.Build.0 = Debug|Any CPU
		{E49F2D05-E57A-4730-898C-E3361DE6852D}.Debug|x86.ActiveCfg = Debug|Any CPU
		{E49F2D05-E57A-4730-898C-E3361DE6852D}.Debug|x86.Build.0 = Debug|Any CPU
		{E49F2D05-E57A-4730-898C-E3361DE6852D}.Release|Any CPU.ActiveCfg = Release|Any CPU
		{E49F2D05-E57A-4730-898C-E3361DE6852D}.Release|Any CPU.Build.0 = Release|Any CPU
		{E49F2D05-E57A-4730-898C-E3361DE6852D}.Release|x64.ActiveCfg = Release|Any CPU
		{E49F2D05-E57A-4730-898C-E3361DE6852D}.Release|x64.Build.0 = Release|Any CPU
		{E49F2D05-E57A-4730-898C-E3361DE6852D}.Release|x86.ActiveCfg = Release|Any CPU
		{E49F2D05-E57A-4730-898C-E3361DE6852D}.Release|x86.Build.0 = Release|Any CPU
		{40ADABAF-090F-411C-803E-4DE2B5623F31}.Debug|Any CPU.ActiveCfg = Debug|Any CPU
		{40ADABAF-090F-411C-803E-4DE2B5623F31}.Debug|Any CPU.Build.0 = Debug|Any CPU
		{40ADABAF-090F-411C-803E-4DE2B5623F31}.Debug|x64.ActiveCfg = Debug|Any CPU
		{40ADABAF-090F-411C-803E-4DE2B5623F31}.Debug|x64.Build.0 = Debug|Any CPU
		{40ADABAF-090F-411C-803E-4DE2B5623F31}.Debug|x86.ActiveCfg = Debug|Any CPU
		{40ADABAF-090F-411C-803E-4DE2B5623F31}.Debug|x86.Build.0 = Debug|Any CPU
		{40ADABAF-090F-411C-803E-4DE2B5623F31}.Release|Any CPU.ActiveCfg = Release|Any CPU
		{40ADABAF-090F-411C-803E-4DE2B5623F31}.Release|Any CPU.Build.0 = Release|Any CPU
		{40ADABAF-090F-411C-803E-4DE2B5623F31}.Release|x64.ActiveCfg = Release|Any CPU
		{40ADABAF-090F-411C-803E-4DE2B5623F31}.Release|x64.Build.0 = Release|Any CPU
		{40ADABAF-090F-411C-803E-4DE2B5623F31}.Release|x86.ActiveCfg = Release|Any CPU
		{40ADABAF-090F-411C-803E-4DE2B5623F31}.Release|x86.Build.0 = Release|Any CPU
		{F8A39F52-52E2-4ABE-ADE3-4564FD84C679}.Debug|Any CPU.ActiveCfg = Debug|Any CPU
		{F8A39F52-52E2-4ABE-ADE3-4564FD84C679}.Debug|Any CPU.Build.0 = Debug|Any CPU
		{F8A39F52-52E2-4ABE-ADE3-4564FD84C679}.Debug|x64.ActiveCfg = Debug|Any CPU
		{F8A39F52-52E2-4ABE-ADE3-4564FD84C679}.Debug|x64.Build.0 = Debug|Any CPU
		{F8A39F52-52E2-4ABE-ADE3-4564FD84C679}.Debug|x86.ActiveCfg = Debug|Any CPU
		{F8A39F52-52E2-4ABE-ADE3-4564FD84C679}.Debug|x86.Build.0 = Debug|Any CPU
		{F8A39F52-52E2-4ABE-ADE3-4564FD84C679}.Release|Any CPU.ActiveCfg = Release|Any CPU
		{F8A39F52-52E2-4ABE-ADE3-4564FD84C679}.Release|Any CPU.Build.0 = Release|Any CPU
		{F8A39F52-52E2-4ABE-ADE3-4564FD84C679}.Release|x64.ActiveCfg = Release|Any CPU
		{F8A39F52-52E2-4ABE-ADE3-4564FD84C679}.Release|x64.Build.0 = Release|Any CPU
		{F8A39F52-52E2-4ABE-ADE3-4564FD84C679}.Release|x86.ActiveCfg = Release|Any CPU
		{F8A39F52-52E2-4ABE-ADE3-4564FD84C679}.Release|x86.Build.0 = Release|Any CPU
		{DFDFF0E3-F151-4BA0-9CF6-38FDE76DCF59}.Debug|Any CPU.ActiveCfg = Debug|Any CPU
		{DFDFF0E3-F151-4BA0-9CF6-38FDE76DCF59}.Debug|Any CPU.Build.0 = Debug|Any CPU
		{DFDFF0E3-F151-4BA0-9CF6-38FDE76DCF59}.Debug|x64.ActiveCfg = Debug|Any CPU
		{DFDFF0E3-F151-4BA0-9CF6-38FDE76DCF59}.Debug|x64.Build.0 = Debug|Any CPU
		{DFDFF0E3-F151-4BA0-9CF6-38FDE76DCF59}.Debug|x86.ActiveCfg = Debug|Any CPU
		{DFDFF0E3-F151-4BA0-9CF6-38FDE76DCF59}.Debug|x86.Build.0 = Debug|Any CPU
		{DFDFF0E3-F151-4BA0-9CF6-38FDE76DCF59}.Release|Any CPU.ActiveCfg = Release|Any CPU
		{DFDFF0E3-F151-4BA0-9CF6-38FDE76DCF59}.Release|Any CPU.Build.0 = Release|Any CPU
		{DFDFF0E3-F151-4BA0-9CF6-38FDE76DCF59}.Release|x64.ActiveCfg = Release|Any CPU
		{DFDFF0E3-F151-4BA0-9CF6-38FDE76DCF59}.Release|x64.Build.0 = Release|Any CPU
		{DFDFF0E3-F151-4BA0-9CF6-38FDE76DCF59}.Release|x86.ActiveCfg = Release|Any CPU
		{DFDFF0E3-F151-4BA0-9CF6-38FDE76DCF59}.Release|x86.Build.0 = Release|Any CPU
		{3A7BD3AA-BA30-4CAF-A4B7-3ADA0E869B98}.Debug|Any CPU.ActiveCfg = Debug|Any CPU
		{3A7BD3AA-BA30-4CAF-A4B7-3ADA0E869B98}.Debug|Any CPU.Build.0 = Debug|Any CPU
		{3A7BD3AA-BA30-4CAF-A4B7-3ADA0E869B98}.Debug|x64.ActiveCfg = Debug|Any CPU
		{3A7BD3AA-BA30-4CAF-A4B7-3ADA0E869B98}.Debug|x64.Build.0 = Debug|Any CPU
		{3A7BD3AA-BA30-4CAF-A4B7-3ADA0E869B98}.Debug|x86.ActiveCfg = Debug|Any CPU
		{3A7BD3AA-BA30-4CAF-A4B7-3ADA0E869B98}.Debug|x86.Build.0 = Debug|Any CPU
		{3A7BD3AA-BA30-4CAF-A4B7-3ADA0E869B98}.Release|Any CPU.ActiveCfg = Release|Any CPU
		{3A7BD3AA-BA30-4CAF-A4B7-3ADA0E869B98}.Release|Any CPU.Build.0 = Release|Any CPU
		{3A7BD3AA-BA30-4CAF-A4B7-3ADA0E869B98}.Release|x64.ActiveCfg = Release|Any CPU
		{3A7BD3AA-BA30-4CAF-A4B7-3ADA0E869B98}.Release|x64.Build.0 = Release|Any CPU
		{3A7BD3AA-BA30-4CAF-A4B7-3ADA0E869B98}.Release|x86.ActiveCfg = Release|Any CPU
		{3A7BD3AA-BA30-4CAF-A4B7-3ADA0E869B98}.Release|x86.Build.0 = Release|Any CPU
		{8F8A245E-AB92-4CE9-9000-91B7CC3DF2A7}.Debug|Any CPU.ActiveCfg = Debug|Any CPU
		{8F8A245E-AB92-4CE9-9000-91B7CC3DF2A7}.Debug|Any CPU.Build.0 = Debug|Any CPU
		{8F8A245E-AB92-4CE9-9000-91B7CC3DF2A7}.Debug|x64.ActiveCfg = Debug|Any CPU
		{8F8A245E-AB92-4CE9-9000-91B7CC3DF2A7}.Debug|x64.Build.0 = Debug|Any CPU
		{8F8A245E-AB92-4CE9-9000-91B7CC3DF2A7}.Debug|x86.ActiveCfg = Debug|Any CPU
		{8F8A245E-AB92-4CE9-9000-91B7CC3DF2A7}.Debug|x86.Build.0 = Debug|Any CPU
		{8F8A245E-AB92-4CE9-9000-91B7CC3DF2A7}.Release|Any CPU.ActiveCfg = Release|Any CPU
		{8F8A245E-AB92-4CE9-9000-91B7CC3DF2A7}.Release|Any CPU.Build.0 = Release|Any CPU
		{8F8A245E-AB92-4CE9-9000-91B7CC3DF2A7}.Release|x64.ActiveCfg = Release|Any CPU
		{8F8A245E-AB92-4CE9-9000-91B7CC3DF2A7}.Release|x64.Build.0 = Release|Any CPU
		{8F8A245E-AB92-4CE9-9000-91B7CC3DF2A7}.Release|x86.ActiveCfg = Release|Any CPU
		{8F8A245E-AB92-4CE9-9000-91B7CC3DF2A7}.Release|x86.Build.0 = Release|Any CPU
		{8C65D3A9-2C9E-474C-98DC-3254E3A537C6}.Debug|Any CPU.ActiveCfg = Debug|Any CPU
		{8C65D3A9-2C9E-474C-98DC-3254E3A537C6}.Debug|Any CPU.Build.0 = Debug|Any CPU
		{8C65D3A9-2C9E-474C-98DC-3254E3A537C6}.Debug|x64.ActiveCfg = Debug|Any CPU
		{8C65D3A9-2C9E-474C-98DC-3254E3A537C6}.Debug|x64.Build.0 = Debug|Any CPU
		{8C65D3A9-2C9E-474C-98DC-3254E3A537C6}.Debug|x86.ActiveCfg = Debug|Any CPU
		{8C65D3A9-2C9E-474C-98DC-3254E3A537C6}.Debug|x86.Build.0 = Debug|Any CPU
		{8C65D3A9-2C9E-474C-98DC-3254E3A537C6}.Release|Any CPU.ActiveCfg = Release|Any CPU
		{8C65D3A9-2C9E-474C-98DC-3254E3A537C6}.Release|Any CPU.Build.0 = Release|Any CPU
		{8C65D3A9-2C9E-474C-98DC-3254E3A537C6}.Release|x64.ActiveCfg = Release|Any CPU
		{8C65D3A9-2C9E-474C-98DC-3254E3A537C6}.Release|x64.Build.0 = Release|Any CPU
		{8C65D3A9-2C9E-474C-98DC-3254E3A537C6}.Release|x86.ActiveCfg = Release|Any CPU
		{8C65D3A9-2C9E-474C-98DC-3254E3A537C6}.Release|x86.Build.0 = Release|Any CPU
		{130DCC38-333C-45DB-9DDF-53D8090668FB}.Debug|Any CPU.ActiveCfg = Debug|Any CPU
		{130DCC38-333C-45DB-9DDF-53D8090668FB}.Debug|Any CPU.Build.0 = Debug|Any CPU
		{130DCC38-333C-45DB-9DDF-53D8090668FB}.Debug|x64.ActiveCfg = Debug|Any CPU
		{130DCC38-333C-45DB-9DDF-53D8090668FB}.Debug|x64.Build.0 = Debug|Any CPU
		{130DCC38-333C-45DB-9DDF-53D8090668FB}.Debug|x86.ActiveCfg = Debug|Any CPU
		{130DCC38-333C-45DB-9DDF-53D8090668FB}.Debug|x86.Build.0 = Debug|Any CPU
		{130DCC38-333C-45DB-9DDF-53D8090668FB}.Release|Any CPU.ActiveCfg = Release|Any CPU
		{130DCC38-333C-45DB-9DDF-53D8090668FB}.Release|Any CPU.Build.0 = Release|Any CPU
		{130DCC38-333C-45DB-9DDF-53D8090668FB}.Release|x64.ActiveCfg = Release|Any CPU
		{130DCC38-333C-45DB-9DDF-53D8090668FB}.Release|x64.Build.0 = Release|Any CPU
		{130DCC38-333C-45DB-9DDF-53D8090668FB}.Release|x86.ActiveCfg = Release|Any CPU
		{130DCC38-333C-45DB-9DDF-53D8090668FB}.Release|x86.Build.0 = Release|Any CPU
		{64CD187C-CE90-4757-8401-6AE07EE10159}.Debug|Any CPU.ActiveCfg = Debug|Any CPU
		{64CD187C-CE90-4757-8401-6AE07EE10159}.Debug|Any CPU.Build.0 = Debug|Any CPU
		{64CD187C-CE90-4757-8401-6AE07EE10159}.Debug|x64.ActiveCfg = Debug|Any CPU
		{64CD187C-CE90-4757-8401-6AE07EE10159}.Debug|x64.Build.0 = Debug|Any CPU
		{64CD187C-CE90-4757-8401-6AE07EE10159}.Debug|x86.ActiveCfg = Debug|Any CPU
		{64CD187C-CE90-4757-8401-6AE07EE10159}.Debug|x86.Build.0 = Debug|Any CPU
		{64CD187C-CE90-4757-8401-6AE07EE10159}.Release|Any CPU.ActiveCfg = Release|Any CPU
		{64CD187C-CE90-4757-8401-6AE07EE10159}.Release|Any CPU.Build.0 = Release|Any CPU
		{64CD187C-CE90-4757-8401-6AE07EE10159}.Release|x64.ActiveCfg = Release|Any CPU
		{64CD187C-CE90-4757-8401-6AE07EE10159}.Release|x64.Build.0 = Release|Any CPU
		{64CD187C-CE90-4757-8401-6AE07EE10159}.Release|x86.ActiveCfg = Release|Any CPU
		{64CD187C-CE90-4757-8401-6AE07EE10159}.Release|x86.Build.0 = Release|Any CPU
		{2F81A45C-AA9D-4833-8DA2-4D404B70281C}.Debug|Any CPU.ActiveCfg = Debug|Any CPU
		{2F81A45C-AA9D-4833-8DA2-4D404B70281C}.Debug|Any CPU.Build.0 = Debug|Any CPU
		{2F81A45C-AA9D-4833-8DA2-4D404B70281C}.Debug|x64.ActiveCfg = Debug|Any CPU
		{2F81A45C-AA9D-4833-8DA2-4D404B70281C}.Debug|x64.Build.0 = Debug|Any CPU
		{2F81A45C-AA9D-4833-8DA2-4D404B70281C}.Debug|x86.ActiveCfg = Debug|Any CPU
		{2F81A45C-AA9D-4833-8DA2-4D404B70281C}.Debug|x86.Build.0 = Debug|Any CPU
		{2F81A45C-AA9D-4833-8DA2-4D404B70281C}.Release|Any CPU.ActiveCfg = Release|Any CPU
		{2F81A45C-AA9D-4833-8DA2-4D404B70281C}.Release|Any CPU.Build.0 = Release|Any CPU
		{2F81A45C-AA9D-4833-8DA2-4D404B70281C}.Release|x64.ActiveCfg = Release|Any CPU
		{2F81A45C-AA9D-4833-8DA2-4D404B70281C}.Release|x64.Build.0 = Release|Any CPU
		{2F81A45C-AA9D-4833-8DA2-4D404B70281C}.Release|x86.ActiveCfg = Release|Any CPU
		{2F81A45C-AA9D-4833-8DA2-4D404B70281C}.Release|x86.Build.0 = Release|Any CPU
		{146CCE79-37CF-4B13-B09A-3BCE09EEE931}.Debug|Any CPU.ActiveCfg = Debug|Any CPU
		{146CCE79-37CF-4B13-B09A-3BCE09EEE931}.Debug|Any CPU.Build.0 = Debug|Any CPU
		{146CCE79-37CF-4B13-B09A-3BCE09EEE931}.Debug|x64.ActiveCfg = Debug|Any CPU
		{146CCE79-37CF-4B13-B09A-3BCE09EEE931}.Debug|x64.Build.0 = Debug|Any CPU
		{146CCE79-37CF-4B13-B09A-3BCE09EEE931}.Debug|x86.ActiveCfg = Debug|Any CPU
		{146CCE79-37CF-4B13-B09A-3BCE09EEE931}.Debug|x86.Build.0 = Debug|Any CPU
		{146CCE79-37CF-4B13-B09A-3BCE09EEE931}.Release|Any CPU.ActiveCfg = Release|Any CPU
		{146CCE79-37CF-4B13-B09A-3BCE09EEE931}.Release|Any CPU.Build.0 = Release|Any CPU
		{146CCE79-37CF-4B13-B09A-3BCE09EEE931}.Release|x64.ActiveCfg = Release|Any CPU
		{146CCE79-37CF-4B13-B09A-3BCE09EEE931}.Release|x64.Build.0 = Release|Any CPU
		{146CCE79-37CF-4B13-B09A-3BCE09EEE931}.Release|x86.ActiveCfg = Release|Any CPU
		{146CCE79-37CF-4B13-B09A-3BCE09EEE931}.Release|x86.Build.0 = Release|Any CPU
		{461B3B5A-42AB-44DD-9F8F-D9AF9DBDEF15}.Debug|Any CPU.ActiveCfg = Debug|Any CPU
		{461B3B5A-42AB-44DD-9F8F-D9AF9DBDEF15}.Debug|Any CPU.Build.0 = Debug|Any CPU
		{461B3B5A-42AB-44DD-9F8F-D9AF9DBDEF15}.Debug|x64.ActiveCfg = Debug|Any CPU
		{461B3B5A-42AB-44DD-9F8F-D9AF9DBDEF15}.Debug|x64.Build.0 = Debug|Any CPU
		{461B3B5A-42AB-44DD-9F8F-D9AF9DBDEF15}.Debug|x86.ActiveCfg = Debug|Any CPU
		{461B3B5A-42AB-44DD-9F8F-D9AF9DBDEF15}.Debug|x86.Build.0 = Debug|Any CPU
		{461B3B5A-42AB-44DD-9F8F-D9AF9DBDEF15}.Release|Any CPU.ActiveCfg = Release|Any CPU
		{461B3B5A-42AB-44DD-9F8F-D9AF9DBDEF15}.Release|Any CPU.Build.0 = Release|Any CPU
		{461B3B5A-42AB-44DD-9F8F-D9AF9DBDEF15}.Release|x64.ActiveCfg = Release|Any CPU
		{461B3B5A-42AB-44DD-9F8F-D9AF9DBDEF15}.Release|x64.Build.0 = Release|Any CPU
		{461B3B5A-42AB-44DD-9F8F-D9AF9DBDEF15}.Release|x86.ActiveCfg = Release|Any CPU
		{461B3B5A-42AB-44DD-9F8F-D9AF9DBDEF15}.Release|x86.Build.0 = Release|Any CPU
		{512ED914-D7A6-4897-8EE6-A602630781FE}.Debug|Any CPU.ActiveCfg = Debug|Any CPU
		{512ED914-D7A6-4897-8EE6-A602630781FE}.Debug|Any CPU.Build.0 = Debug|Any CPU
		{512ED914-D7A6-4897-8EE6-A602630781FE}.Debug|x64.ActiveCfg = Debug|Any CPU
		{512ED914-D7A6-4897-8EE6-A602630781FE}.Debug|x64.Build.0 = Debug|Any CPU
		{512ED914-D7A6-4897-8EE6-A602630781FE}.Debug|x86.ActiveCfg = Debug|Any CPU
		{512ED914-D7A6-4897-8EE6-A602630781FE}.Debug|x86.Build.0 = Debug|Any CPU
		{512ED914-D7A6-4897-8EE6-A602630781FE}.Release|Any CPU.ActiveCfg = Release|Any CPU
		{512ED914-D7A6-4897-8EE6-A602630781FE}.Release|Any CPU.Build.0 = Release|Any CPU
		{512ED914-D7A6-4897-8EE6-A602630781FE}.Release|x64.ActiveCfg = Release|Any CPU
		{512ED914-D7A6-4897-8EE6-A602630781FE}.Release|x64.Build.0 = Release|Any CPU
		{512ED914-D7A6-4897-8EE6-A602630781FE}.Release|x86.ActiveCfg = Release|Any CPU
		{512ED914-D7A6-4897-8EE6-A602630781FE}.Release|x86.Build.0 = Release|Any CPU
		{8EB45DDC-9A0E-42B0-8A36-71FE7A8DB900}.Debug|Any CPU.ActiveCfg = Debug|Any CPU
		{8EB45DDC-9A0E-42B0-8A36-71FE7A8DB900}.Debug|Any CPU.Build.0 = Debug|Any CPU
		{8EB45DDC-9A0E-42B0-8A36-71FE7A8DB900}.Debug|x64.ActiveCfg = Debug|Any CPU
		{8EB45DDC-9A0E-42B0-8A36-71FE7A8DB900}.Debug|x64.Build.0 = Debug|Any CPU
		{8EB45DDC-9A0E-42B0-8A36-71FE7A8DB900}.Debug|x86.ActiveCfg = Debug|Any CPU
		{8EB45DDC-9A0E-42B0-8A36-71FE7A8DB900}.Debug|x86.Build.0 = Debug|Any CPU
		{8EB45DDC-9A0E-42B0-8A36-71FE7A8DB900}.Release|Any CPU.ActiveCfg = Release|Any CPU
		{8EB45DDC-9A0E-42B0-8A36-71FE7A8DB900}.Release|Any CPU.Build.0 = Release|Any CPU
		{8EB45DDC-9A0E-42B0-8A36-71FE7A8DB900}.Release|x64.ActiveCfg = Release|Any CPU
		{8EB45DDC-9A0E-42B0-8A36-71FE7A8DB900}.Release|x64.Build.0 = Release|Any CPU
		{8EB45DDC-9A0E-42B0-8A36-71FE7A8DB900}.Release|x86.ActiveCfg = Release|Any CPU
		{8EB45DDC-9A0E-42B0-8A36-71FE7A8DB900}.Release|x86.Build.0 = Release|Any CPU
		{1896B24D-ECFD-4DE3-8D0E-C9097AA5B993}.Debug|Any CPU.ActiveCfg = Debug|Any CPU
		{1896B24D-ECFD-4DE3-8D0E-C9097AA5B993}.Debug|Any CPU.Build.0 = Debug|Any CPU
		{1896B24D-ECFD-4DE3-8D0E-C9097AA5B993}.Debug|x64.ActiveCfg = Debug|Any CPU
		{1896B24D-ECFD-4DE3-8D0E-C9097AA5B993}.Debug|x64.Build.0 = Debug|Any CPU
		{1896B24D-ECFD-4DE3-8D0E-C9097AA5B993}.Debug|x86.ActiveCfg = Debug|Any CPU
		{1896B24D-ECFD-4DE3-8D0E-C9097AA5B993}.Debug|x86.Build.0 = Debug|Any CPU
		{1896B24D-ECFD-4DE3-8D0E-C9097AA5B993}.Release|Any CPU.ActiveCfg = Release|Any CPU
		{1896B24D-ECFD-4DE3-8D0E-C9097AA5B993}.Release|Any CPU.Build.0 = Release|Any CPU
		{1896B24D-ECFD-4DE3-8D0E-C9097AA5B993}.Release|x64.ActiveCfg = Release|Any CPU
		{1896B24D-ECFD-4DE3-8D0E-C9097AA5B993}.Release|x64.Build.0 = Release|Any CPU
		{1896B24D-ECFD-4DE3-8D0E-C9097AA5B993}.Release|x86.ActiveCfg = Release|Any CPU
		{1896B24D-ECFD-4DE3-8D0E-C9097AA5B993}.Release|x86.Build.0 = Release|Any CPU
		{0FB4F19E-1F18-4D8F-B4DF-5179627BA941}.Debug|Any CPU.ActiveCfg = Debug|Any CPU
		{0FB4F19E-1F18-4D8F-B4DF-5179627BA941}.Debug|Any CPU.Build.0 = Debug|Any CPU
		{0FB4F19E-1F18-4D8F-B4DF-5179627BA941}.Debug|x64.ActiveCfg = Debug|Any CPU
		{0FB4F19E-1F18-4D8F-B4DF-5179627BA941}.Debug|x64.Build.0 = Debug|Any CPU
		{0FB4F19E-1F18-4D8F-B4DF-5179627BA941}.Debug|x86.ActiveCfg = Debug|Any CPU
		{0FB4F19E-1F18-4D8F-B4DF-5179627BA941}.Debug|x86.Build.0 = Debug|Any CPU
		{0FB4F19E-1F18-4D8F-B4DF-5179627BA941}.Release|Any CPU.ActiveCfg = Release|Any CPU
		{0FB4F19E-1F18-4D8F-B4DF-5179627BA941}.Release|Any CPU.Build.0 = Release|Any CPU
		{0FB4F19E-1F18-4D8F-B4DF-5179627BA941}.Release|x64.ActiveCfg = Release|Any CPU
		{0FB4F19E-1F18-4D8F-B4DF-5179627BA941}.Release|x64.Build.0 = Release|Any CPU
		{0FB4F19E-1F18-4D8F-B4DF-5179627BA941}.Release|x86.ActiveCfg = Release|Any CPU
		{0FB4F19E-1F18-4D8F-B4DF-5179627BA941}.Release|x86.Build.0 = Release|Any CPU
	EndGlobalSection
	GlobalSection(SolutionProperties) = preSolution
		HideSolutionNode = FALSE
	EndGlobalSection
	GlobalSection(NestedProjects) = preSolution
		{E49F2D05-E57A-4730-898C-E3361DE6852D} = {827E0CD3-B72D-47B6-A68D-7590B98EB39B}
		{40ADABAF-090F-411C-803E-4DE2B5623F31} = {827E0CD3-B72D-47B6-A68D-7590B98EB39B}
		{F8A39F52-52E2-4ABE-ADE3-4564FD84C679} = {827E0CD3-B72D-47B6-A68D-7590B98EB39B}
		{DFDFF0E3-F151-4BA0-9CF6-38FDE76DCF59} = {827E0CD3-B72D-47B6-A68D-7590B98EB39B}
		{3A7BD3AA-BA30-4CAF-A4B7-3ADA0E869B98} = {827E0CD3-B72D-47B6-A68D-7590B98EB39B}
		{8F8A245E-AB92-4CE9-9000-91B7CC3DF2A7} = {827E0CD3-B72D-47B6-A68D-7590B98EB39B}
		{8C65D3A9-2C9E-474C-98DC-3254E3A537C6} = {827E0CD3-B72D-47B6-A68D-7590B98EB39B}
		{130DCC38-333C-45DB-9DDF-53D8090668FB} = {827E0CD3-B72D-47B6-A68D-7590B98EB39B}
		{64CD187C-CE90-4757-8401-6AE07EE10159} = {827E0CD3-B72D-47B6-A68D-7590B98EB39B}
		{2F81A45C-AA9D-4833-8DA2-4D404B70281C} = {827E0CD3-B72D-47B6-A68D-7590B98EB39B}
		{146CCE79-37CF-4B13-B09A-3BCE09EEE931} = {827E0CD3-B72D-47B6-A68D-7590B98EB39B}
		{461B3B5A-42AB-44DD-9F8F-D9AF9DBDEF15} = {827E0CD3-B72D-47B6-A68D-7590B98EB39B}
		{512ED914-D7A6-4897-8EE6-A602630781FE} = {0AB3BF05-4346-4AA6-1389-037BE0695223}
		{8EB45DDC-9A0E-42B0-8A36-71FE7A8DB900} = {0AB3BF05-4346-4AA6-1389-037BE0695223}
		{1896B24D-ECFD-4DE3-8D0E-C9097AA5B993} = {0AB3BF05-4346-4AA6-1389-037BE0695223}
		{0FB4F19E-1F18-4D8F-B4DF-5179627BA941} = {0AB3BF05-4346-4AA6-1389-037BE0695223}
	EndGlobalSection
EndGlobal
